
Microsoft Visual Studio Solution File, Format Version 12.00
Project("{FAE04EC0-301F-11D3-BF4B-00C04F79EFBC}") = "HiPcMijia", "HiPcMijia\HiPcMijia.csproj", "{A25E2460-4B2C-4F47-B1D4-2EB522C4804B}"
EndProject
Global
	GlobalSection(SolutionConfigurationPlatforms) = preSolution
		Debug|Any CPU = Debug|Any CPU
		Release|Any CPU = Release|Any CPU
	EndGlobalSection
	GlobalSection(ProjectConfigurationPlatforms) = postSolution
		{A25E2460-4B2C-4F47-B1D4-2EB522C4804B}.Debug|Any CPU.ActiveCfg = Debug|Any CPU
		{A25E2460-4B2C-4F47-B1D4-2EB522C4804B}.Debug|Any CPU.Build.0 = Debug|Any CPU
		{A25E2460-4B2C-4F47-B1D4-2EB522C4804B}.Release|Any CPU.ActiveCfg = Release|Any CPU
		{A25E2460-4B2C-4F47-B1D4-2EB522C4804B}.Release|Any CPU.Build.0 = Release|Any CPU
	EndGlobalSection
EndGlobal
